// !$*UTF8*$!
{
	archiveVersion = 1;
	classes = {
	};
	objectVersion = 56;
	objects = {

/* Begin PBXBuildFile section */
		8C1FFF622BADBE59008449A8 /* JeuxViewModel.swift in Sources */ = {isa = PBXBuildFile; fileRef = 8C1FFF612BADBE59008449A8 /* JeuxViewModel.swift */; };
		8C3C91E32BA45753001890E6 /* ParticiperStandView.swift in Sources */ = {isa = PBXBuildFile; fileRef = 8C3C91E22BA45753001890E6 /* ParticiperStandView.swift */; };
		8C3C91E52BA45807001890E6 /* FlexibleView.swift in Sources */ = {isa = PBXBuildFile; fileRef = 8C3C91E42BA45807001890E6 /* FlexibleView.swift */; };
		8C3C91E72BA45830001890E6 /* AccueilView.swift in Sources */ = {isa = PBXBuildFile; fileRef = 8C3C91E62BA45830001890E6 /* AccueilView.swift */; };
		8C3C91E92BA4584E001890E6 /* PlanningView.swift in Sources */ = {isa = PBXBuildFile; fileRef = 8C3C91E82BA4584E001890E6 /* PlanningView.swift */; };
		8C3C91EB2BA45871001890E6 /* ProfilView.swift in Sources */ = {isa = PBXBuildFile; fileRef = 8C3C91EA2BA45871001890E6 /* ProfilView.swift */; };
		8C3C91ED2BA45CC6001890E6 /* NavigationBarView.swift in Sources */ = {isa = PBXBuildFile; fileRef = 8C3C91EC2BA45CC6001890E6 /* NavigationBarView.swift */; };
		8C3C91EF2BA46441001890E6 /* Festival.swift in Sources */ = {isa = PBXBuildFile; fileRef = 8C3C91EE2BA46441001890E6 /* Festival.swift */; };
		8C3C91F32BA4653F001890E6 /* FestivalViewModel.swift in Sources */ = {isa = PBXBuildFile; fileRef = 8C3C91F22BA4653F001890E6 /* FestivalViewModel.swift */; };
		8C3C91F52BA47E0E001890E6 /* Stand.swift in Sources */ = {isa = PBXBuildFile; fileRef = 8C3C91F42BA47E0E001890E6 /* Stand.swift */; };
		8C3C91F92BA498FC001890E6 /* JaugeView.swift in Sources */ = {isa = PBXBuildFile; fileRef = 8C3C91F82BA498FC001890E6 /* JaugeView.swift */; };
		8C3C91FC2BA49CF6001890E6 /* DetailStandView.swift in Sources */ = {isa = PBXBuildFile; fileRef = 8C3C91FB2BA49CF6001890E6 /* DetailStandView.swift */; };
		8C3C91FE2BA4A1E9001890E6 /* StandViewModel.swift in Sources */ = {isa = PBXBuildFile; fileRef = 8C3C91FD2BA4A1E9001890E6 /* StandViewModel.swift */; };
		8C61580B2BA5DF8800C9B025 /* ParticiperView.swift in Sources */ = {isa = PBXBuildFile; fileRef = 8C61580A2BA5DF8800C9B025 /* ParticiperView.swift */; };
		8C61580D2BA5E1F900C9B025 /* ParticiperZoneView.swift in Sources */ = {isa = PBXBuildFile; fileRef = 8C61580C2BA5E1F900C9B025 /* ParticiperZoneView.swift */; };
		8C61580F2BA5E20900C9B025 /* ZoneViewModel.swift in Sources */ = {isa = PBXBuildFile; fileRef = 8C61580E2BA5E20900C9B025 /* ZoneViewModel.swift */; };
		8C6158112BA5E30400C9B025 /* Zone.swift in Sources */ = {isa = PBXBuildFile; fileRef = 8C6158102BA5E30400C9B025 /* Zone.swift */; };
		8C6158132BA5E38200C9B025 /* Jeu.swift in Sources */ = {isa = PBXBuildFile; fileRef = 8C6158122BA5E38200C9B025 /* Jeu.swift */; };
		8C6158152BA5E82100C9B025 /* HoraireCota.swift in Sources */ = {isa = PBXBuildFile; fileRef = 8C6158142BA5E82100C9B025 /* HoraireCota.swift */; };
		8C6158172BA5E83D00C9B025 /* DetailZoneView.swift in Sources */ = {isa = PBXBuildFile; fileRef = 8C6158162BA5E83D00C9B025 /* DetailZoneView.swift */; };
		8C6158192BA5E8F500C9B025 /* BenevoleViewModel.swift in Sources */ = {isa = PBXBuildFile; fileRef = 8C6158182BA5E8F500C9B025 /* BenevoleViewModel.swift */; };
		8C7CC3FF2BA9E12700BD12D2 /* Flexibles.swift in Sources */ = {isa = PBXBuildFile; fileRef = 8C7CC3FE2BA9E12700BD12D2 /* Flexibles.swift */; };
		8C7CC4022BA9EE5D00BD12D2 /* FlexibleStandView.swift in Sources */ = {isa = PBXBuildFile; fileRef = 8C7CC4012BA9EE5D00BD12D2 /* FlexibleStandView.swift */; };
		8C7CC4042BA9EE6B00BD12D2 /* FlexibleZoneView.swift in Sources */ = {isa = PBXBuildFile; fileRef = 8C7CC4032BA9EE6B00BD12D2 /* FlexibleZoneView.swift */; };
		8C7CC4062BAB103600BD12D2 /* Creneau.swift in Sources */ = {isa = PBXBuildFile; fileRef = 8C7CC4052BAB103600BD12D2 /* Creneau.swift */; };
		8C7CC4082BAB382000BD12D2 /* PlanningViewModel.swift in Sources */ = {isa = PBXBuildFile; fileRef = 8C7CC4072BAB382000BD12D2 /* PlanningViewModel.swift */; };
		8C8A8CE82BA18A5E00414ADD /* FestivalDuJeuApp.swift in Sources */ = {isa = PBXBuildFile; fileRef = 8C8A8CE72BA18A5E00414ADD /* FestivalDuJeuApp.swift */; };
		8C8A8CEC2BA18A6000414ADD /* Assets.xcassets in Resources */ = {isa = PBXBuildFile; fileRef = 8C8A8CEB2BA18A6000414ADD /* Assets.xcassets */; };
		8C8A8CF02BA18A6000414ADD /* Preview Assets.xcassets in Resources */ = {isa = PBXBuildFile; fileRef = 8C8A8CEF2BA18A6000414ADD /* Preview Assets.xcassets */; };
		8C8A8CFA2BA18A6000414ADD /* FestivalDuJeuTests.swift in Sources */ = {isa = PBXBuildFile; fileRef = 8C8A8CF92BA18A6000414ADD /* FestivalDuJeuTests.swift */; };
		8C8A8D042BA18A6000414ADD /* FestivalDuJeuUITests.swift in Sources */ = {isa = PBXBuildFile; fileRef = 8C8A8D032BA18A6000414ADD /* FestivalDuJeuUITests.swift */; };
		8C8A8D062BA18A6000414ADD /* FestivalDuJeuUITestsLaunchTests.swift in Sources */ = {isa = PBXBuildFile; fileRef = 8C8A8D052BA18A6000414ADD /* FestivalDuJeuUITestsLaunchTests.swift */; };
		8C8A8D132BA18C5200414ADD /* LoginView.swift in Sources */ = {isa = PBXBuildFile; fileRef = 8C8A8D122BA18C5200414ADD /* LoginView.swift */; };
		8C8A8D172BA192CF00414ADD /* AuthViewModel.swift in Sources */ = {isa = PBXBuildFile; fileRef = 8C8A8D162BA192CF00414ADD /* AuthViewModel.swift */; };
		8C8A8D192BA1962A00414ADD /* Benevole.swift in Sources */ = {isa = PBXBuildFile; fileRef = 8C8A8D182BA1962A00414ADD /* Benevole.swift */; };
		8C8A8D1D2BA1B65400414ADD /* RegisterView.swift in Sources */ = {isa = PBXBuildFile; fileRef = 8C8A8D1C2BA1B65400414ADD /* RegisterView.swift */; };
		8C8A8D1F2BA1CCF900414ADD /* RegisterViewModel.swift in Sources */ = {isa = PBXBuildFile; fileRef = 8C8A8D1E2BA1CCF900414ADD /* RegisterViewModel.swift */; };
		8C8F0F172BAB694300C99146 /* BenevoleId.swift in Sources */ = {isa = PBXBuildFile; fileRef = 8C8F0F162BAB694300C99146 /* BenevoleId.swift */; };
		8C8F0F192BAB6A6400C99146 /* Planning.swift in Sources */ = {isa = PBXBuildFile; fileRef = 8C8F0F182BAB6A6400C99146 /* Planning.swift */; };
		8C9E65602BB2F26200AFCBAE /* FlexibleViewModel.swift in Sources */ = {isa = PBXBuildFile; fileRef = 8C9E655F2BB2F26200AFCBAE /* FlexibleViewModel.swift */; };
		8CDB0D9F2BAEE4A4002A43F0 /* DetailJeuView.swift in Sources */ = {isa = PBXBuildFile; fileRef = 8CDB0D9E2BAEE4A4002A43F0 /* DetailJeuView.swift */; };
		8CDB0DA22BB040C5002A43F0 /* BindingExtensions.swift in Sources */ = {isa = PBXBuildFile; fileRef = 8CDB0DA12BB040C5002A43F0 /* BindingExtensions.swift */; };
		8CFF48D92BB18BB400531ECD /* Items.swift in Sources */ = {isa = PBXBuildFile; fileRef = 8CFF48D82BB18BB400531ECD /* Items.swift */; };
/* End PBXBuildFile section */

/* Begin PBXContainerItemProxy section */
		8C8A8CF62BA18A6000414ADD /* PBXContainerItemProxy */ = {
			isa = PBXContainerItemProxy;
			containerPortal = 8C8A8CDC2BA18A5E00414ADD /* Project object */;
			proxyType = 1;
			remoteGlobalIDString = 8C8A8CE32BA18A5E00414ADD;
			remoteInfo = FestivalDuJeu;
		};
		8C8A8D002BA18A6000414ADD /* PBXContainerItemProxy */ = {
			isa = PBXContainerItemProxy;
			containerPortal = 8C8A8CDC2BA18A5E00414ADD /* Project object */;
			proxyType = 1;
			remoteGlobalIDString = 8C8A8CE32BA18A5E00414ADD;
			remoteInfo = FestivalDuJeu;
		};
/* End PBXContainerItemProxy section */

/* Begin PBXFileReference section */
		8C1FFF612BADBE59008449A8 /* JeuxViewModel.swift */ = {isa = PBXFileReference; lastKnownFileType = sourcecode.swift; path = JeuxViewModel.swift; sourceTree = "<group>"; };
		8C3C91E22BA45753001890E6 /* ParticiperStandView.swift */ = {isa = PBXFileReference; lastKnownFileType = sourcecode.swift; path = ParticiperStandView.swift; sourceTree = "<group>"; };
		8C3C91E42BA45807001890E6 /* FlexibleView.swift */ = {isa = PBXFileReference; lastKnownFileType = sourcecode.swift; path = FlexibleView.swift; sourceTree = "<group>"; };
		8C3C91E62BA45830001890E6 /* AccueilView.swift */ = {isa = PBXFileReference; lastKnownFileType = sourcecode.swift; path = AccueilView.swift; sourceTree = "<group>"; };
		8C3C91E82BA4584E001890E6 /* PlanningView.swift */ = {isa = PBXFileReference; lastKnownFileType = sourcecode.swift; path = PlanningView.swift; sourceTree = "<group>"; };
		8C3C91EA2BA45871001890E6 /* ProfilView.swift */ = {isa = PBXFileReference; lastKnownFileType = sourcecode.swift; path = ProfilView.swift; sourceTree = "<group>"; };
		8C3C91EC2BA45CC6001890E6 /* NavigationBarView.swift */ = {isa = PBXFileReference; lastKnownFileType = sourcecode.swift; path = NavigationBarView.swift; sourceTree = "<group>"; };
		8C3C91EE2BA46441001890E6 /* Festival.swift */ = {isa = PBXFileReference; lastKnownFileType = sourcecode.swift; path = Festival.swift; sourceTree = "<group>"; };
		8C3C91F22BA4653F001890E6 /* FestivalViewModel.swift */ = {isa = PBXFileReference; lastKnownFileType = sourcecode.swift; path = FestivalViewModel.swift; sourceTree = "<group>"; };
		8C3C91F42BA47E0E001890E6 /* Stand.swift */ = {isa = PBXFileReference; lastKnownFileType = sourcecode.swift; path = Stand.swift; sourceTree = "<group>"; };
		8C3C91F82BA498FC001890E6 /* JaugeView.swift */ = {isa = PBXFileReference; lastKnownFileType = sourcecode.swift; path = JaugeView.swift; sourceTree = "<group>"; };
		8C3C91FB2BA49CF6001890E6 /* DetailStandView.swift */ = {isa = PBXFileReference; lastKnownFileType = sourcecode.swift; path = DetailStandView.swift; sourceTree = "<group>"; };
		8C3C91FD2BA4A1E9001890E6 /* StandViewModel.swift */ = {isa = PBXFileReference; lastKnownFileType = sourcecode.swift; path = StandViewModel.swift; sourceTree = "<group>"; };
		8C61580A2BA5DF8800C9B025 /* ParticiperView.swift */ = {isa = PBXFileReference; lastKnownFileType = sourcecode.swift; path = ParticiperView.swift; sourceTree = "<group>"; };
		8C61580C2BA5E1F900C9B025 /* ParticiperZoneView.swift */ = {isa = PBXFileReference; lastKnownFileType = sourcecode.swift; path = ParticiperZoneView.swift; sourceTree = "<group>"; };
		8C61580E2BA5E20900C9B025 /* ZoneViewModel.swift */ = {isa = PBXFileReference; lastKnownFileType = sourcecode.swift; path = ZoneViewModel.swift; sourceTree = "<group>"; };
		8C6158102BA5E30400C9B025 /* Zone.swift */ = {isa = PBXFileReference; lastKnownFileType = sourcecode.swift; path = Zone.swift; sourceTree = "<group>"; };
		8C6158122BA5E38200C9B025 /* Jeu.swift */ = {isa = PBXFileReference; lastKnownFileType = sourcecode.swift; path = Jeu.swift; sourceTree = "<group>"; };
		8C6158142BA5E82100C9B025 /* HoraireCota.swift */ = {isa = PBXFileReference; lastKnownFileType = sourcecode.swift; path = HoraireCota.swift; sourceTree = "<group>"; };
		8C6158162BA5E83D00C9B025 /* DetailZoneView.swift */ = {isa = PBXFileReference; lastKnownFileType = sourcecode.swift; path = DetailZoneView.swift; sourceTree = "<group>"; };
		8C6158182BA5E8F500C9B025 /* BenevoleViewModel.swift */ = {isa = PBXFileReference; lastKnownFileType = sourcecode.swift; path = BenevoleViewModel.swift; sourceTree = "<group>"; };
		8C7CC3FE2BA9E12700BD12D2 /* Flexibles.swift */ = {isa = PBXFileReference; lastKnownFileType = sourcecode.swift; path = Flexibles.swift; sourceTree = "<group>"; };
		8C7CC4012BA9EE5D00BD12D2 /* FlexibleStandView.swift */ = {isa = PBXFileReference; lastKnownFileType = sourcecode.swift; path = FlexibleStandView.swift; sourceTree = "<group>"; };
		8C7CC4032BA9EE6B00BD12D2 /* FlexibleZoneView.swift */ = {isa = PBXFileReference; lastKnownFileType = sourcecode.swift; path = FlexibleZoneView.swift; sourceTree = "<group>"; };
		8C7CC4052BAB103600BD12D2 /* Creneau.swift */ = {isa = PBXFileReference; lastKnownFileType = sourcecode.swift; path = Creneau.swift; sourceTree = "<group>"; };
		8C7CC4072BAB382000BD12D2 /* PlanningViewModel.swift */ = {isa = PBXFileReference; lastKnownFileType = sourcecode.swift; path = PlanningViewModel.swift; sourceTree = "<group>"; };
		8C8A8CE42BA18A5E00414ADD /* FestivalDuJeu.app */ = {isa = PBXFileReference; explicitFileType = wrapper.application; includeInIndex = 0; path = FestivalDuJeu.app; sourceTree = BUILT_PRODUCTS_DIR; };
		8C8A8CE72BA18A5E00414ADD /* FestivalDuJeuApp.swift */ = {isa = PBXFileReference; lastKnownFileType = sourcecode.swift; path = FestivalDuJeuApp.swift; sourceTree = "<group>"; };
		8C8A8CEB2BA18A6000414ADD /* Assets.xcassets */ = {isa = PBXFileReference; lastKnownFileType = folder.assetcatalog; path = Assets.xcassets; sourceTree = "<group>"; };
		8C8A8CED2BA18A6000414ADD /* FestivalDuJeu.entitlements */ = {isa = PBXFileReference; lastKnownFileType = text.plist.entitlements; path = FestivalDuJeu.entitlements; sourceTree = "<group>"; };
		8C8A8CEF2BA18A6000414ADD /* Preview Assets.xcassets */ = {isa = PBXFileReference; lastKnownFileType = folder.assetcatalog; path = "Preview Assets.xcassets"; sourceTree = "<group>"; };
		8C8A8CF52BA18A6000414ADD /* FestivalDuJeuTests.xctest */ = {isa = PBXFileReference; explicitFileType = wrapper.cfbundle; includeInIndex = 0; path = FestivalDuJeuTests.xctest; sourceTree = BUILT_PRODUCTS_DIR; };
		8C8A8CF92BA18A6000414ADD /* FestivalDuJeuTests.swift */ = {isa = PBXFileReference; lastKnownFileType = sourcecode.swift; path = FestivalDuJeuTests.swift; sourceTree = "<group>"; };
		8C8A8CFF2BA18A6000414ADD /* FestivalDuJeuUITests.xctest */ = {isa = PBXFileReference; explicitFileType = wrapper.cfbundle; includeInIndex = 0; path = FestivalDuJeuUITests.xctest; sourceTree = BUILT_PRODUCTS_DIR; };
		8C8A8D032BA18A6000414ADD /* FestivalDuJeuUITests.swift */ = {isa = PBXFileReference; lastKnownFileType = sourcecode.swift; path = FestivalDuJeuUITests.swift; sourceTree = "<group>"; };
		8C8A8D052BA18A6000414ADD /* FestivalDuJeuUITestsLaunchTests.swift */ = {isa = PBXFileReference; lastKnownFileType = sourcecode.swift; path = FestivalDuJeuUITestsLaunchTests.swift; sourceTree = "<group>"; };
		8C8A8D122BA18C5200414ADD /* LoginView.swift */ = {isa = PBXFileReference; lastKnownFileType = sourcecode.swift; path = LoginView.swift; sourceTree = "<group>"; };
		8C8A8D162BA192CF00414ADD /* AuthViewModel.swift */ = {isa = PBXFileReference; lastKnownFileType = sourcecode.swift; path = AuthViewModel.swift; sourceTree = "<group>"; };
		8C8A8D182BA1962A00414ADD /* Benevole.swift */ = {isa = PBXFileReference; lastKnownFileType = sourcecode.swift; path = Benevole.swift; sourceTree = "<group>"; };
		8C8A8D1C2BA1B65400414ADD /* RegisterView.swift */ = {isa = PBXFileReference; lastKnownFileType = sourcecode.swift; path = RegisterView.swift; sourceTree = "<group>"; };
		8C8A8D1E2BA1CCF900414ADD /* RegisterViewModel.swift */ = {isa = PBXFileReference; lastKnownFileType = sourcecode.swift; path = RegisterViewModel.swift; sourceTree = "<group>"; };
		8C8F0F162BAB694300C99146 /* BenevoleId.swift */ = {isa = PBXFileReference; lastKnownFileType = sourcecode.swift; path = BenevoleId.swift; sourceTree = "<group>"; };
		8C8F0F182BAB6A6400C99146 /* Planning.swift */ = {isa = PBXFileReference; lastKnownFileType = sourcecode.swift; path = Planning.swift; sourceTree = "<group>"; };
		8C9E655F2BB2F26200AFCBAE /* FlexibleViewModel.swift */ = {isa = PBXFileReference; lastKnownFileType = sourcecode.swift; path = FlexibleViewModel.swift; sourceTree = "<group>"; };
		8CDB0D9E2BAEE4A4002A43F0 /* DetailJeuView.swift */ = {isa = PBXFileReference; lastKnownFileType = sourcecode.swift; path = DetailJeuView.swift; sourceTree = "<group>"; };
		8CDB0DA12BB040C5002A43F0 /* BindingExtensions.swift */ = {isa = PBXFileReference; lastKnownFileType = sourcecode.swift; path = BindingExtensions.swift; sourceTree = "<group>"; };
		8CFF48D82BB18BB400531ECD /* Items.swift */ = {isa = PBXFileReference; lastKnownFileType = sourcecode.swift; path = Items.swift; sourceTree = "<group>"; };
/* End PBXFileReference section */

/* Begin PBXFrameworksBuildPhase section */
		8C8A8CE12BA18A5E00414ADD /* Frameworks */ = {
			isa = PBXFrameworksBuildPhase;
			buildActionMask = 2147483647;
			files = (
			);
			runOnlyForDeploymentPostprocessing = 0;
		};
		8C8A8CF22BA18A6000414ADD /* Frameworks */ = {
			isa = PBXFrameworksBuildPhase;
			buildActionMask = 2147483647;
			files = (
			);
			runOnlyForDeploymentPostprocessing = 0;
		};
		8C8A8CFC2BA18A6000414ADD /* Frameworks */ = {
			isa = PBXFrameworksBuildPhase;
			buildActionMask = 2147483647;
			files = (
			);
			runOnlyForDeploymentPostprocessing = 0;
		};
/* End PBXFrameworksBuildPhase section */

/* Begin PBXGroup section */
		8C3C91F02BA46462001890E6 /* Models */ = {
			isa = PBXGroup;
			children = (
				8C8A8D182BA1962A00414ADD /* Benevole.swift */,
				8C3C91EE2BA46441001890E6 /* Festival.swift */,
				8C3C91F42BA47E0E001890E6 /* Stand.swift */,
				8C6158102BA5E30400C9B025 /* Zone.swift */,
				8C6158122BA5E38200C9B025 /* Jeu.swift */,
				8C6158142BA5E82100C9B025 /* HoraireCota.swift */,
				8C7CC3FE2BA9E12700BD12D2 /* Flexibles.swift */,
				8C7CC4052BAB103600BD12D2 /* Creneau.swift */,
				8C8F0F162BAB694300C99146 /* BenevoleId.swift */,
				8C8F0F182BAB6A6400C99146 /* Planning.swift */,
				8CFF48D82BB18BB400531ECD /* Items.swift */,
			);
			path = Models;
			sourceTree = "<group>";
		};
		8C3C91F12BA46522001890E6 /* ViewModels */ = {
			isa = PBXGroup;
			children = (
				8C8A8D162BA192CF00414ADD /* AuthViewModel.swift */,
				8C8A8D1E2BA1CCF900414ADD /* RegisterViewModel.swift */,
				8C3C91F22BA4653F001890E6 /* FestivalViewModel.swift */,
				8C3C91FD2BA4A1E9001890E6 /* StandViewModel.swift */,
				8C61580E2BA5E20900C9B025 /* ZoneViewModel.swift */,
				8C6158182BA5E8F500C9B025 /* BenevoleViewModel.swift */,
				8C7CC4072BAB382000BD12D2 /* PlanningViewModel.swift */,
				8C1FFF612BADBE59008449A8 /* JeuxViewModel.swift */,
				8C9E655F2BB2F26200AFCBAE /* FlexibleViewModel.swift */,
			);
			path = ViewModels;
			sourceTree = "<group>";
		};
		8C3C91FA2BA49CB9001890E6 /* ParticiperViews */ = {
			isa = PBXGroup;
			children = (
				8C3C91F82BA498FC001890E6 /* JaugeView.swift */,
				8C3C91E22BA45753001890E6 /* ParticiperStandView.swift */,
				8C3C91FB2BA49CF6001890E6 /* DetailStandView.swift */,
				8C61580A2BA5DF8800C9B025 /* ParticiperView.swift */,
				8C61580C2BA5E1F900C9B025 /* ParticiperZoneView.swift */,
				8C6158162BA5E83D00C9B025 /* DetailZoneView.swift */,
				8CDB0D9E2BAEE4A4002A43F0 /* DetailJeuView.swift */,
			);
			path = ParticiperViews;
			sourceTree = "<group>";
		};
		8C7CC4002BA9EE2F00BD12D2 /* FlexibleViews */ = {
			isa = PBXGroup;
			children = (
				8C3C91E42BA45807001890E6 /* FlexibleView.swift */,
				8C7CC4012BA9EE5D00BD12D2 /* FlexibleStandView.swift */,
				8C7CC4032BA9EE6B00BD12D2 /* FlexibleZoneView.swift */,
			);
			path = FlexibleViews;
			sourceTree = "<group>";
		};
		8C8A8CDB2BA18A5E00414ADD = {
			isa = PBXGroup;
			children = (
				8CDB0DA02BB040A0002A43F0 /* Extensions */,
				8C7CC4002BA9EE2F00BD12D2 /* FlexibleViews */,
				8C3C91FA2BA49CB9001890E6 /* ParticiperViews */,
				8C3C91F12BA46522001890E6 /* ViewModels */,
				8C3C91F02BA46462001890E6 /* Models */,
				8C3C91EC2BA45CC6001890E6 /* NavigationBarView.swift */,
				8C3C91EA2BA45871001890E6 /* ProfilView.swift */,
				8C3C91E82BA4584E001890E6 /* PlanningView.swift */,
				8C3C91E62BA45830001890E6 /* AccueilView.swift */,
				8C8A8D1C2BA1B65400414ADD /* RegisterView.swift */,
				8C8A8CE72BA18A5E00414ADD /* FestivalDuJeuApp.swift */,
				8C8A8D122BA18C5200414ADD /* LoginView.swift */,
				8C8A8CE62BA18A5E00414ADD /* FestivalDuJeu */,
				8C8A8CF82BA18A6000414ADD /* FestivalDuJeuTests */,
				8C8A8D022BA18A6000414ADD /* FestivalDuJeuUITests */,
				8C8A8CE52BA18A5E00414ADD /* Products */,
			);
			sourceTree = "<group>";
		};
		8C8A8CE52BA18A5E00414ADD /* Products */ = {
			isa = PBXGroup;
			children = (
				8C8A8CE42BA18A5E00414ADD /* FestivalDuJeu.app */,
				8C8A8CF52BA18A6000414ADD /* FestivalDuJeuTests.xctest */,
				8C8A8CFF2BA18A6000414ADD /* FestivalDuJeuUITests.xctest */,
			);
			name = Products;
			sourceTree = "<group>";
		};
		8C8A8CE62BA18A5E00414ADD /* FestivalDuJeu */ = {
			isa = PBXGroup;
			children = (
				8C8A8CEB2BA18A6000414ADD /* Assets.xcassets */,
				8C8A8CED2BA18A6000414ADD /* FestivalDuJeu.entitlements */,
				8C8A8CEE2BA18A6000414ADD /* Preview Content */,
			);
			path = FestivalDuJeu;
			sourceTree = "<group>";
		};
		8C8A8CEE2BA18A6000414ADD /* Preview Content */ = {
			isa = PBXGroup;
			children = (
				8C8A8CEF2BA18A6000414ADD /* Preview Assets.xcassets */,
			);
			path = "Preview Content";
			sourceTree = "<group>";
		};
		8C8A8CF82BA18A6000414ADD /* FestivalDuJeuTests */ = {
			isa = PBXGroup;
			children = (
				8C8A8CF92BA18A6000414ADD /* FestivalDuJeuTests.swift */,
			);
			path = FestivalDuJeuTests;
			sourceTree = "<group>";
		};
		8C8A8D022BA18A6000414ADD /* FestivalDuJeuUITests */ = {
			isa = PBXGroup;
			children = (
				8C8A8D032BA18A6000414ADD /* FestivalDuJeuUITests.swift */,
				8C8A8D052BA18A6000414ADD /* FestivalDuJeuUITestsLaunchTests.swift */,
			);
			path = FestivalDuJeuUITests;
			sourceTree = "<group>";
		};
		8CDB0DA02BB040A0002A43F0 /* Extensions */ = {
			isa = PBXGroup;
			children = (
				8CDB0DA12BB040C5002A43F0 /* BindingExtensions.swift */,
			);
			path = Extensions;
			sourceTree = "<group>";
		};
/* End PBXGroup section */

/* Begin PBXNativeTarget section */
		8C8A8CE32BA18A5E00414ADD /* FestivalDuJeu */ = {
			isa = PBXNativeTarget;
			buildConfigurationList = 8C8A8D092BA18A6000414ADD /* Build configuration list for PBXNativeTarget "FestivalDuJeu" */;
			buildPhases = (
				8C8A8CE02BA18A5E00414ADD /* Sources */,
				8C8A8CE12BA18A5E00414ADD /* Frameworks */,
				8C8A8CE22BA18A5E00414ADD /* Resources */,
			);
			buildRules = (
			);
			dependencies = (
			);
			name = FestivalDuJeu;
			productName = FestivalDuJeu;
			productReference = 8C8A8CE42BA18A5E00414ADD /* FestivalDuJeu.app */;
			productType = "com.apple.product-type.application";
		};
		8C8A8CF42BA18A6000414ADD /* FestivalDuJeuTests */ = {
			isa = PBXNativeTarget;
			buildConfigurationList = 8C8A8D0C2BA18A6000414ADD /* Build configuration list for PBXNativeTarget "FestivalDuJeuTests" */;
			buildPhases = (
				8C8A8CF12BA18A6000414ADD /* Sources */,
				8C8A8CF22BA18A6000414ADD /* Frameworks */,
				8C8A8CF32BA18A6000414ADD /* Resources */,
			);
			buildRules = (
			);
			dependencies = (
				8C8A8CF72BA18A6000414ADD /* PBXTargetDependency */,
			);
			name = FestivalDuJeuTests;
			productName = FestivalDuJeuTests;
			productReference = 8C8A8CF52BA18A6000414ADD /* FestivalDuJeuTests.xctest */;
			productType = "com.apple.product-type.bundle.unit-test";
		};
		8C8A8CFE2BA18A6000414ADD /* FestivalDuJeuUITests */ = {
			isa = PBXNativeTarget;
			buildConfigurationList = 8C8A8D0F2BA18A6000414ADD /* Build configuration list for PBXNativeTarget "FestivalDuJeuUITests" */;
			buildPhases = (
				8C8A8CFB2BA18A6000414ADD /* Sources */,
				8C8A8CFC2BA18A6000414ADD /* Frameworks */,
				8C8A8CFD2BA18A6000414ADD /* Resources */,
			);
			buildRules = (
			);
			dependencies = (
				8C8A8D012BA18A6000414ADD /* PBXTargetDependency */,
			);
			name = FestivalDuJeuUITests;
			productName = FestivalDuJeuUITests;
			productReference = 8C8A8CFF2BA18A6000414ADD /* FestivalDuJeuUITests.xctest */;
			productType = "com.apple.product-type.bundle.ui-testing";
		};
/* End PBXNativeTarget section */

/* Begin PBXProject section */
		8C8A8CDC2BA18A5E00414ADD /* Project object */ = {
			isa = PBXProject;
			attributes = {
				BuildIndependentTargetsInParallel = 1;
				LastSwiftUpdateCheck = 1500;
				LastUpgradeCheck = 1500;
				TargetAttributes = {
					8C8A8CE32BA18A5E00414ADD = {
						CreatedOnToolsVersion = 15.0.1;
					};
					8C8A8CF42BA18A6000414ADD = {
						CreatedOnToolsVersion = 15.0.1;
						TestTargetID = 8C8A8CE32BA18A5E00414ADD;
					};
					8C8A8CFE2BA18A6000414ADD = {
						CreatedOnToolsVersion = 15.0.1;
						TestTargetID = 8C8A8CE32BA18A5E00414ADD;
					};
				};
			};
			buildConfigurationList = 8C8A8CDF2BA18A5E00414ADD /* Build configuration list for PBXProject "FestivalDuJeu" */;
			compatibilityVersion = "Xcode 14.0";
			developmentRegion = en;
			hasScannedForEncodings = 0;
			knownRegions = (
				en,
				Base,
			);
			mainGroup = 8C8A8CDB2BA18A5E00414ADD;
			productRefGroup = 8C8A8CE52BA18A5E00414ADD /* Products */;
			projectDirPath = "";
			projectRoot = "";
			targets = (
				8C8A8CE32BA18A5E00414ADD /* FestivalDuJeu */,
				8C8A8CF42BA18A6000414ADD /* FestivalDuJeuTests */,
				8C8A8CFE2BA18A6000414ADD /* FestivalDuJeuUITests */,
			);
		};
/* End PBXProject section */

/* Begin PBXResourcesBuildPhase section */
		8C8A8CE22BA18A5E00414ADD /* Resources */ = {
			isa = PBXResourcesBuildPhase;
			buildActionMask = 2147483647;
			files = (
				8C8A8CF02BA18A6000414ADD /* Preview Assets.xcassets in Resources */,
				8C8A8CEC2BA18A6000414ADD /* Assets.xcassets in Resources */,
			);
			runOnlyForDeploymentPostprocessing = 0;
		};
		8C8A8CF32BA18A6000414ADD /* Resources */ = {
			isa = PBXResourcesBuildPhase;
			buildActionMask = 2147483647;
			files = (
			);
			runOnlyForDeploymentPostprocessing = 0;
		};
		8C8A8CFD2BA18A6000414ADD /* Resources */ = {
			isa = PBXResourcesBuildPhase;
			buildActionMask = 2147483647;
			files = (
			);
			runOnlyForDeploymentPostprocessing = 0;
		};
/* End PBXResourcesBuildPhase section */

/* Begin PBXSourcesBuildPhase section */
		8C8A8CE02BA18A5E00414ADD /* Sources */ = {
			isa = PBXSourcesBuildPhase;
			buildActionMask = 2147483647;
			files = (
				8C8A8D172BA192CF00414ADD /* AuthViewModel.swift in Sources */,
				8CDB0DA22BB040C5002A43F0 /* BindingExtensions.swift in Sources */,
				8C3C91EF2BA46441001890E6 /* Festival.swift in Sources */,
				8C1FFF622BADBE59008449A8 /* JeuxViewModel.swift in Sources */,
				8C7CC4062BAB103600BD12D2 /* Creneau.swift in Sources */,
				8C8F0F192BAB6A6400C99146 /* Planning.swift in Sources */,
				8C3C91F52BA47E0E001890E6 /* Stand.swift in Sources */,
				8C3C91F92BA498FC001890E6 /* JaugeView.swift in Sources */,
				8C61580F2BA5E20900C9B025 /* ZoneViewModel.swift in Sources */,
				8CDB0D9F2BAEE4A4002A43F0 /* DetailJeuView.swift in Sources */,
				8C6158152BA5E82100C9B025 /* HoraireCota.swift in Sources */,
				8C8A8D132BA18C5200414ADD /* LoginView.swift in Sources */,
				8C8F0F172BAB694300C99146 /* BenevoleId.swift in Sources */,
				8C61580B2BA5DF8800C9B025 /* ParticiperView.swift in Sources */,
				8C6158192BA5E8F500C9B025 /* BenevoleViewModel.swift in Sources */,
				8C3C91ED2BA45CC6001890E6 /* NavigationBarView.swift in Sources */,
				8C3C91EB2BA45871001890E6 /* ProfilView.swift in Sources */,
				8C8A8D1F2BA1CCF900414ADD /* RegisterViewModel.swift in Sources */,
				8C3C91E52BA45807001890E6 /* FlexibleView.swift in Sources */,
				8C9E65602BB2F26200AFCBAE /* FlexibleViewModel.swift in Sources */,
				8C6158172BA5E83D00C9B025 /* DetailZoneView.swift in Sources */,
				8C3C91E72BA45830001890E6 /* AccueilView.swift in Sources */,
				8C8A8D1D2BA1B65400414ADD /* RegisterView.swift in Sources */,
				8C7CC4042BA9EE6B00BD12D2 /* FlexibleZoneView.swift in Sources */,
				8C3C91FE2BA4A1E9001890E6 /* StandViewModel.swift in Sources */,
				8C3C91E32BA45753001890E6 /* ParticiperStandView.swift in Sources */,
				8C7CC4082BAB382000BD12D2 /* PlanningViewModel.swift in Sources */,
				8C6158132BA5E38200C9B025 /* Jeu.swift in Sources */,
				8C6158112BA5E30400C9B025 /* Zone.swift in Sources */,
				8C3C91FC2BA49CF6001890E6 /* DetailStandView.swift in Sources */,
				8C8A8CE82BA18A5E00414ADD /* FestivalDuJeuApp.swift in Sources */,
				8C3C91E92BA4584E001890E6 /* PlanningView.swift in Sources */,
				8C61580D2BA5E1F900C9B025 /* ParticiperZoneView.swift in Sources */,
				8CFF48D92BB18BB400531ECD /* Items.swift in Sources */,
				8C7CC3FF2BA9E12700BD12D2 /* Flexibles.swift in Sources */,
				8C8A8D192BA1962A00414ADD /* Benevole.swift in Sources */,
				8C3C91F32BA4653F001890E6 /* FestivalViewModel.swift in Sources */,
				8C7CC4022BA9EE5D00BD12D2 /* FlexibleStandView.swift in Sources */,
			);
			runOnlyForDeploymentPostprocessing = 0;
		};
		8C8A8CF12BA18A6000414ADD /* Sources */ = {
			isa = PBXSourcesBuildPhase;
			buildActionMask = 2147483647;
			files = (
				8C8A8CFA2BA18A6000414ADD /* FestivalDuJeuTests.swift in Sources */,
			);
			runOnlyForDeploymentPostprocessing = 0;
		};
		8C8A8CFB2BA18A6000414ADD /* Sources */ = {
			isa = PBXSourcesBuildPhase;
			buildActionMask = 2147483647;
			files = (
				8C8A8D062BA18A6000414ADD /* FestivalDuJeuUITestsLaunchTests.swift in Sources */,
				8C8A8D042BA18A6000414ADD /* FestivalDuJeuUITests.swift in Sources */,
			);
			runOnlyForDeploymentPostprocessing = 0;
		};
/* End PBXSourcesBuildPhase section */

/* Begin PBXTargetDependency section */
		8C8A8CF72BA18A6000414ADD /* PBXTargetDependency */ = {
			isa = PBXTargetDependency;
			target = 8C8A8CE32BA18A5E00414ADD /* FestivalDuJeu */;
			targetProxy = 8C8A8CF62BA18A6000414ADD /* PBXContainerItemProxy */;
		};
		8C8A8D012BA18A6000414ADD /* PBXTargetDependency */ = {
			isa = PBXTargetDependency;
			target = 8C8A8CE32BA18A5E00414ADD /* FestivalDuJeu */;
			targetProxy = 8C8A8D002BA18A6000414ADD /* PBXContainerItemProxy */;
		};
/* End PBXTargetDependency section */

/* Begin XCBuildConfiguration section */
		8C8A8D072BA18A6000414ADD /* Debug */ = {
			isa = XCBuildConfiguration;
			buildSettings = {
				ALWAYS_SEARCH_USER_PATHS = NO;
				ASSETCATALOG_COMPILER_GENERATE_SWIFT_ASSET_SYMBOL_EXTENSIONS = YES;
				CLANG_ANALYZER_NONNULL = YES;
				CLANG_ANALYZER_NUMBER_OBJECT_CONVERSION = YES_AGGRESSIVE;
				CLANG_CXX_LANGUAGE_STANDARD = "gnu++20";
				CLANG_ENABLE_MODULES = YES;
				CLANG_ENABLE_OBJC_ARC = YES;
				CLANG_ENABLE_OBJC_WEAK = YES;
				CLANG_WARN_BLOCK_CAPTURE_AUTORELEASING = YES;
				CLANG_WARN_BOOL_CONVERSION = YES;
				CLANG_WARN_COMMA = YES;
				CLANG_WARN_CONSTANT_CONVERSION = YES;
				CLANG_WARN_DEPRECATED_OBJC_IMPLEMENTATIONS = YES;
				CLANG_WARN_DIRECT_OBJC_ISA_USAGE = YES_ERROR;
				CLANG_WARN_DOCUMENTATION_COMMENTS = YES;
				CLANG_WARN_EMPTY_BODY = YES;
				CLANG_WARN_ENUM_CONVERSION = YES;
				CLANG_WARN_INFINITE_RECURSION = YES;
				CLANG_WARN_INT_CONVERSION = YES;
				CLANG_WARN_NON_LITERAL_NULL_CONVERSION = YES;
				CLANG_WARN_OBJC_IMPLICIT_RETAIN_SELF = YES;
				CLANG_WARN_OBJC_LITERAL_CONVERSION = YES;
				CLANG_WARN_OBJC_ROOT_CLASS = YES_ERROR;
				CLANG_WARN_QUOTED_INCLUDE_IN_FRAMEWORK_HEADER = YES;
				CLANG_WARN_RANGE_LOOP_ANALYSIS = YES;
				CLANG_WARN_STRICT_PROTOTYPES = YES;
				CLANG_WARN_SUSPICIOUS_MOVE = YES;
				CLANG_WARN_UNGUARDED_AVAILABILITY = YES_AGGRESSIVE;
				CLANG_WARN_UNREACHABLE_CODE = YES;
				CLANG_WARN__DUPLICATE_METHOD_MATCH = YES;
				COPY_PHASE_STRIP = NO;
				DEBUG_INFORMATION_FORMAT = dwarf;
				ENABLE_STRICT_OBJC_MSGSEND = YES;
				ENABLE_TESTABILITY = YES;
				ENABLE_USER_SCRIPT_SANDBOXING = YES;
				GCC_C_LANGUAGE_STANDARD = gnu17;
				GCC_DYNAMIC_NO_PIC = NO;
				GCC_NO_COMMON_BLOCKS = YES;
				GCC_OPTIMIZATION_LEVEL = 0;
				GCC_PREPROCESSOR_DEFINITIONS = (
					"DEBUG=1",
					"$(inherited)",
				);
				GCC_WARN_64_TO_32_BIT_CONVERSION = YES;
				GCC_WARN_ABOUT_RETURN_TYPE = YES_ERROR;
				GCC_WARN_UNDECLARED_SELECTOR = YES;
				GCC_WARN_UNINITIALIZED_AUTOS = YES_AGGRESSIVE;
				GCC_WARN_UNUSED_FUNCTION = YES;
				GCC_WARN_UNUSED_VARIABLE = YES;
				LOCALIZATION_PREFERS_STRING_CATALOGS = YES;
				MTL_ENABLE_DEBUG_INFO = INCLUDE_SOURCE;
				MTL_FAST_MATH = YES;
				ONLY_ACTIVE_ARCH = YES;
				SWIFT_ACTIVE_COMPILATION_CONDITIONS = "DEBUG $(inherited)";
				SWIFT_OPTIMIZATION_LEVEL = "-Onone";
			};
			name = Debug;
		};
		8C8A8D082BA18A6000414ADD /* Release */ = {
			isa = XCBuildConfiguration;
			buildSettings = {
				ALWAYS_SEARCH_USER_PATHS = NO;
				ASSETCATALOG_COMPILER_GENERATE_SWIFT_ASSET_SYMBOL_EXTENSIONS = YES;
				CLANG_ANALYZER_NONNULL = YES;
				CLANG_ANALYZER_NUMBER_OBJECT_CONVERSION = YES_AGGRESSIVE;
				CLANG_CXX_LANGUAGE_STANDARD = "gnu++20";
				CLANG_ENABLE_MODULES = YES;
				CLANG_ENABLE_OBJC_ARC = YES;
				CLANG_ENABLE_OBJC_WEAK = YES;
				CLANG_WARN_BLOCK_CAPTURE_AUTORELEASING = YES;
				CLANG_WARN_BOOL_CONVERSION = YES;
				CLANG_WARN_COMMA = YES;
				CLANG_WARN_CONSTANT_CONVERSION = YES;
				CLANG_WARN_DEPRECATED_OBJC_IMPLEMENTATIONS = YES;
				CLANG_WARN_DIRECT_OBJC_ISA_USAGE = YES_ERROR;
				CLANG_WARN_DOCUMENTATION_COMMENTS = YES;
				CLANG_WARN_EMPTY_BODY = YES;
				CLANG_WARN_ENUM_CONVERSION = YES;
				CLANG_WARN_INFINITE_RECURSION = YES;
				CLANG_WARN_INT_CONVERSION = YES;
				CLANG_WARN_NON_LITERAL_NULL_CONVERSION = YES;
				CLANG_WARN_OBJC_IMPLICIT_RETAIN_SELF = YES;
				CLANG_WARN_OBJC_LITERAL_CONVERSION = YES;
				CLANG_WARN_OBJC_ROOT_CLASS = YES_ERROR;
				CLANG_WARN_QUOTED_INCLUDE_IN_FRAMEWORK_HEADER = YES;
				CLANG_WARN_RANGE_LOOP_ANALYSIS = YES;
				CLANG_WARN_STRICT_PROTOTYPES = YES;
				CLANG_WARN_SUSPICIOUS_MOVE = YES;
				CLANG_WARN_UNGUARDED_AVAILABILITY = YES_AGGRESSIVE;
				CLANG_WARN_UNREACHABLE_CODE = YES;
				CLANG_WARN__DUPLICATE_METHOD_MATCH = YES;
				COPY_PHASE_STRIP = NO;
				DEBUG_INFORMATION_FORMAT = "dwarf-with-dsym";
				ENABLE_NS_ASSERTIONS = NO;
				ENABLE_STRICT_OBJC_MSGSEND = YES;
				ENABLE_USER_SCRIPT_SANDBOXING = YES;
				GCC_C_LANGUAGE_STANDARD = gnu17;
				GCC_NO_COMMON_BLOCKS = YES;
				GCC_WARN_64_TO_32_BIT_CONVERSION = YES;
				GCC_WARN_ABOUT_RETURN_TYPE = YES_ERROR;
				GCC_WARN_UNDECLARED_SELECTOR = YES;
				GCC_WARN_UNINITIALIZED_AUTOS = YES_AGGRESSIVE;
				GCC_WARN_UNUSED_FUNCTION = YES;
				GCC_WARN_UNUSED_VARIABLE = YES;
				LOCALIZATION_PREFERS_STRING_CATALOGS = YES;
				MTL_ENABLE_DEBUG_INFO = NO;
				MTL_FAST_MATH = YES;
				SWIFT_COMPILATION_MODE = wholemodule;
			};
			name = Release;
		};
		8C8A8D0A2BA18A6000414ADD /* Debug */ = {
			isa = XCBuildConfiguration;
			buildSettings = {
				ASSETCATALOG_COMPILER_APPICON_NAME = AppIcon;
				ASSETCATALOG_COMPILER_GLOBAL_ACCENT_COLOR_NAME = AccentColor;
				CODE_SIGN_ENTITLEMENTS = FestivalDuJeu/FestivalDuJeu.entitlements;
				CODE_SIGN_STYLE = Automatic;
				CURRENT_PROJECT_VERSION = 1;
				DEVELOPMENT_ASSET_PATHS = "\"FestivalDuJeu/Preview Content\"";
				DEVELOPMENT_TEAM = AHJK582Z2S;
				ENABLE_HARDENED_RUNTIME = YES;
				ENABLE_PREVIEWS = YES;
				GENERATE_INFOPLIST_FILE = YES;
				"INFOPLIST_KEY_UIApplicationSceneManifest_Generation[sdk=iphoneos*]" = YES;
				"INFOPLIST_KEY_UIApplicationSceneManifest_Generation[sdk=iphonesimulator*]" = YES;
				"INFOPLIST_KEY_UIApplicationSupportsIndirectInputEvents[sdk=iphoneos*]" = YES;
				"INFOPLIST_KEY_UIApplicationSupportsIndirectInputEvents[sdk=iphonesimulator*]" = YES;
				"INFOPLIST_KEY_UILaunchScreen_Generation[sdk=iphoneos*]" = YES;
				"INFOPLIST_KEY_UILaunchScreen_Generation[sdk=iphonesimulator*]" = YES;
				"INFOPLIST_KEY_UIStatusBarStyle[sdk=iphoneos*]" = UIStatusBarStyleDefault;
				"INFOPLIST_KEY_UIStatusBarStyle[sdk=iphonesimulator*]" = UIStatusBarStyleDefault;
				INFOPLIST_KEY_UISupportedInterfaceOrientations_iPad = "UIInterfaceOrientationPortrait UIInterfaceOrientationPortraitUpsideDown UIInterfaceOrientationLandscapeLeft UIInterfaceOrientationLandscapeRight";
				INFOPLIST_KEY_UISupportedInterfaceOrientations_iPhone = "UIInterfaceOrientationPortrait UIInterfaceOrientationLandscapeLeft UIInterfaceOrientationLandscapeRight";
				IPHONEOS_DEPLOYMENT_TARGET = 17.0;
				LD_RUNPATH_SEARCH_PATHS = "@executable_path/Frameworks";
				"LD_RUNPATH_SEARCH_PATHS[sdk=macosx*]" = "@executable_path/../Frameworks";
				MACOSX_DEPLOYMENT_TARGET = 14.0;
				MARKETING_VERSION = 1.0;
				PRODUCT_BUNDLE_IDENTIFIER = deviOS.FestivalDuJeu;
				PRODUCT_NAME = "$(TARGET_NAME)";
				SDKROOT = auto;
				SUPPORTED_PLATFORMS = "iphoneos iphonesimulator macosx";
				SWIFT_EMIT_LOC_STRINGS = YES;
				SWIFT_VERSION = 5.0;
				TARGETED_DEVICE_FAMILY = "1,2";
			};
			name = Debug;
		};
		8C8A8D0B2BA18A6000414ADD /* Release */ = {
			isa = XCBuildConfiguration;
			buildSettings = {
				ASSETCATALOG_COMPILER_APPICON_NAME = AppIcon;
				ASSETCATALOG_COMPILER_GLOBAL_ACCENT_COLOR_NAME = AccentColor;
				CODE_SIGN_ENTITLEMENTS = FestivalDuJeu/FestivalDuJeu.entitlements;
				CODE_SIGN_STYLE = Automatic;
				CURRENT_PROJECT_VERSION = 1;
				DEVELOPMENT_ASSET_PATHS = "\"FestivalDuJeu/Preview Content\"";
				DEVELOPMENT_TEAM = AHJK582Z2S;
				ENABLE_HARDENED_RUNTIME = YES;
				ENABLE_PREVIEWS = YES;
				GENERATE_INFOPLIST_FILE = YES;
				"INFOPLIST_KEY_UIApplicationSceneManifest_Generation[sdk=iphoneos*]" = YES;
				"INFOPLIST_KEY_UIApplicationSceneManifest_Generation[sdk=iphonesimulator*]" = YES;
				"INFOPLIST_KEY_UIApplicationSupportsIndirectInputEvents[sdk=iphoneos*]" = YES;
				"INFOPLIST_KEY_UIApplicationSupportsIndirectInputEvents[sdk=iphonesimulator*]" = YES;
				"INFOPLIST_KEY_UILaunchScreen_Generation[sdk=iphoneos*]" = YES;
				"INFOPLIST_KEY_UILaunchScreen_Generation[sdk=iphonesimulator*]" = YES;
				"INFOPLIST_KEY_UIStatusBarStyle[sdk=iphoneos*]" = UIStatusBarStyleDefault;
				"INFOPLIST_KEY_UIStatusBarStyle[sdk=iphonesimulator*]" = UIStatusBarStyleDefault;
				INFOPLIST_KEY_UISupportedInterfaceOrientations_iPad = "UIInterfaceOrientationPortrait UIInterfaceOrientationPortraitUpsideDown UIInterfaceOrientationLandscapeLeft UIInterfaceOrientationLandscapeRight";
				INFOPLIST_KEY_UISupportedInterfaceOrientations_iPhone = "UIInterfaceOrientationPortrait UIInterfaceOrientationLandscapeLeft UIInterfaceOrientationLandscapeRight";
				IPHONEOS_DEPLOYMENT_TARGET = 17.0;
				LD_RUNPATH_SEARCH_PATHS = "@executable_path/Frameworks";
				"LD_RUNPATH_SEARCH_PATHS[sdk=macosx*]" = "@executable_path/../Frameworks";
				MACOSX_DEPLOYMENT_TARGET = 14.0;
				MARKETING_VERSION = 1.0;
				PRODUCT_BUNDLE_IDENTIFIER = deviOS.FestivalDuJeu;
				PRODUCT_NAME = "$(TARGET_NAME)";
				SDKROOT = auto;
				SUPPORTED_PLATFORMS = "iphoneos iphonesimulator macosx";
				SWIFT_EMIT_LOC_STRINGS = YES;
				SWIFT_VERSION = 5.0;
				TARGETED_DEVICE_FAMILY = "1,2";
			};
			name = Release;
		};
		8C8A8D0D2BA18A6000414ADD /* Debug */ = {
			isa = XCBuildConfiguration;
			buildSettings = {
				ALWAYS_EMBED_SWIFT_STANDARD_LIBRARIES = YES;
				BUNDLE_LOADER = "$(TEST_HOST)";
				CODE_SIGN_STYLE = Automatic;
				CURRENT_PROJECT_VERSION = 1;
				DEVELOPMENT_TEAM = AHJK582Z2S;
				GENERATE_INFOPLIST_FILE = YES;
				IPHONEOS_DEPLOYMENT_TARGET = 17.0;
				MACOSX_DEPLOYMENT_TARGET = 14.0;
				MARKETING_VERSION = 1.0;
				PRODUCT_BUNDLE_IDENTIFIER = deviOS.FestivalDuJeuTests;
				PRODUCT_NAME = "$(TARGET_NAME)";
				SDKROOT = auto;
				SUPPORTED_PLATFORMS = "iphoneos iphonesimulator macosx";
				SWIFT_EMIT_LOC_STRINGS = NO;
				SWIFT_VERSION = 5.0;
				TARGETED_DEVICE_FAMILY = "1,2";
				TEST_HOST = "$(BUILT_PRODUCTS_DIR)/FestivalDuJeu.app/$(BUNDLE_EXECUTABLE_FOLDER_PATH)/FestivalDuJeu";
			};
			name = Debug;
		};
		8C8A8D0E2BA18A6000414ADD /* Release */ = {
			isa = XCBuildConfiguration;
			buildSettings = {
				ALWAYS_EMBED_SWIFT_STANDARD_LIBRARIES = YES;
				BUNDLE_LOADER = "$(TEST_HOST)";
				CODE_SIGN_STYLE = Automatic;
				CURRENT_PROJECT_VERSION = 1;
				DEVELOPMENT_TEAM = AHJK582Z2S;
				GENERATE_INFOPLIST_FILE = YES;
				IPHONEOS_DEPLOYMENT_TARGET = 17.0;
				MACOSX_DEPLOYMENT_TARGET = 14.0;
				MARKETING_VERSION = 1.0;
				PRODUCT_BUNDLE_IDENTIFIER = deviOS.FestivalDuJeuTests;
				PRODUCT_NAME = "$(TARGET_NAME)";
				SDKROOT = auto;
				SUPPORTED_PLATFORMS = "iphoneos iphonesimulator macosx";
				SWIFT_EMIT_LOC_STRINGS = NO;
				SWIFT_VERSION = 5.0;
				TARGETED_DEVICE_FAMILY = "1,2";
				TEST_HOST = "$(BUILT_PRODUCTS_DIR)/FestivalDuJeu.app/$(BUNDLE_EXECUTABLE_FOLDER_PATH)/FestivalDuJeu";
			};
			name = Release;
		};
		8C8A8D102BA18A6000414ADD /* Debug */ = {
			isa = XCBuildConfiguration;
			buildSettings = {
				ALWAYS_EMBED_SWIFT_STANDARD_LIBRARIES = YES;
				CODE_SIGN_STYLE = Automatic;
				CURRENT_PROJECT_VERSION = 1;
				DEVELOPMENT_TEAM = AHJK582Z2S;
				GENERATE_INFOPLIST_FILE = YES;
				IPHONEOS_DEPLOYMENT_TARGET = 17.0;
				MACOSX_DEPLOYMENT_TARGET = 14.0;
				MARKETING_VERSION = 1.0;
				PRODUCT_BUNDLE_IDENTIFIER = deviOS.FestivalDuJeuUITests;
				PRODUCT_NAME = "$(TARGET_NAME)";
				SDKROOT = auto;
				SUPPORTED_PLATFORMS = "iphoneos iphonesimulator macosx";
				SWIFT_EMIT_LOC_STRINGS = NO;
				SWIFT_VERSION = 5.0;
				TARGETED_DEVICE_FAMILY = "1,2";
				TEST_TARGET_NAME = FestivalDuJeu;
			};
			name = Debug;
		};
		8C8A8D112BA18A6000414ADD /* Release */ = {
			isa = XCBuildConfiguration;
			buildSettings = {
				ALWAYS_EMBED_SWIFT_STANDARD_LIBRARIES = YES;
				CODE_SIGN_STYLE = Automatic;
				CURRENT_PROJECT_VERSION = 1;
				DEVELOPMENT_TEAM = AHJK582Z2S;
				GENERATE_INFOPLIST_FILE = YES;
				IPHONEOS_DEPLOYMENT_TARGET = 17.0;
				MACOSX_DEPLOYMENT_TARGET = 14.0;
				MARKETING_VERSION = 1.0;
				PRODUCT_BUNDLE_IDENTIFIER = deviOS.FestivalDuJeuUITests;
				PRODUCT_NAME = "$(TARGET_NAME)";
				SDKROOT = auto;
				SUPPORTED_PLATFORMS = "iphoneos iphonesimulator macosx";
				SWIFT_EMIT_LOC_STRINGS = NO;
				SWIFT_VERSION = 5.0;
				TARGETED_DEVICE_FAMILY = "1,2";
				TEST_TARGET_NAME = FestivalDuJeu;
			};
			name = Release;
		};
/* End XCBuildConfiguration section */

/* Begin XCConfigurationList section */
		8C8A8CDF2BA18A5E00414ADD /* Build configuration list for PBXProject "FestivalDuJeu" */ = {
			isa = XCConfigurationList;
			buildConfigurations = (
				8C8A8D072BA18A6000414ADD /* Debug */,
				8C8A8D082BA18A6000414ADD /* Release */,
			);
			defaultConfigurationIsVisible = 0;
			defaultConfigurationName = Release;
		};
		8C8A8D092BA18A6000414ADD /* Build configuration list for PBXNativeTarget "FestivalDuJeu" */ = {
			isa = XCConfigurationList;
			buildConfigurations = (
				8C8A8D0A2BA18A6000414ADD /* Debug */,
				8C8A8D0B2BA18A6000414ADD /* Release */,
			);
			defaultConfigurationIsVisible = 0;
			defaultConfigurationName = Release;
		};
		8C8A8D0C2BA18A6000414ADD /* Build configuration list for PBXNativeTarget "FestivalDuJeuTests" */ = {
			isa = XCConfigurationList;
			buildConfigurations = (
				8C8A8D0D2BA18A6000414ADD /* Debug */,
				8C8A8D0E2BA18A6000414ADD /* Release */,
			);
			defaultConfigurationIsVisible = 0;
			defaultConfigurationName = Release;
		};
		8C8A8D0F2BA18A6000414ADD /* Build configuration list for PBXNativeTarget "FestivalDuJeuUITests" */ = {
			isa = XCConfigurationList;
			buildConfigurations = (
				8C8A8D102BA18A6000414ADD /* Debug */,
				8C8A8D112BA18A6000414ADD /* Release */,
			);
			defaultConfigurationIsVisible = 0;
			defaultConfigurationName = Release;
		};
/* End XCConfigurationList section */
	};
	rootObject = 8C8A8CDC2BA18A5E00414ADD /* Project object */;
}
